
Microsoft Visual Studio Solution File, Format Version 12.00
# Visual Studio 2012
Project("{FAE04EC0-301F-11D3-BF4B-00C04F79EFBC}") = "MyTransit.Android", "MyTransit.Android\MyTransit.Android.csproj", "{B2BABBF3-C250-4676-A593-B34A04412A32}"
EndProject
Project("{D954291E-2A0B-460D-934E-DC6B0785DB48}") = "MyTransit.Core", "MyTransit.Core\MyTransit.Core.shproj", "{98175B7F-8D2D-4BD6-A203-0354AD4C572E}"
EndProject
Global
	GlobalSection(SolutionConfigurationPlatforms) = preSolution
		Debug|Any CPU = Debug|Any CPU
		Release|Any CPU = Release|Any CPU
	EndGlobalSection
	GlobalSection(ProjectConfigurationPlatforms) = postSolution
		{B2BABBF3-C250-4676-A593-B34A04412A32}.Debug|Any CPU.ActiveCfg = Debug|Any CPU
		{B2BABBF3-C250-4676-A593-B34A04412A32}.Debug|Any CPU.Build.0 = Debug|Any CPU
		{B2BABBF3-C250-4676-A593-B34A04412A32}.Release|Any CPU.ActiveCfg = Release|Any CPU
		{B2BABBF3-C250-4676-A593-B34A04412A32}.Release|Any CPU.Build.0 = Release|Any CPU
	EndGlobalSection
EndGlobal
